// !$*UTF8*$!
{
	archiveVersion = 1;
	classes = {
	};
	objectVersion = 50;
	objects = {

/* Begin PBXBuildFile section */
		1466187B2402198200AA677C /* UserCellView.swift in Sources */ = {isa = PBXBuildFile; fileRef = 1466187A2402198200AA677C /* UserCellView.swift */; };
		146619072402CE0D00AA677C /* UserListView.swift in Sources */ = {isa = PBXBuildFile; fileRef = 146619062402CE0D00AA677C /* UserListView.swift */; };
		1466190B2402D87300AA677C /* RemoteImage.swift in Sources */ = {isa = PBXBuildFile; fileRef = 1466190A2402D87300AA677C /* RemoteImage.swift */; };
		14BB48C62400B51800051FD4 /* AppDelegate.swift in Sources */ = {isa = PBXBuildFile; fileRef = 14BB48C52400B51800051FD4 /* AppDelegate.swift */; };
		14BB48C82400B51800051FD4 /* SceneDelegate.swift in Sources */ = {isa = PBXBuildFile; fileRef = 14BB48C72400B51800051FD4 /* SceneDelegate.swift */; };
		14BB48CA2400B51800051FD4 /* ContentView.swift in Sources */ = {isa = PBXBuildFile; fileRef = 14BB48C92400B51800051FD4 /* ContentView.swift */; };
		14BB48CC2400B51A00051FD4 /* Assets.xcassets in Resources */ = {isa = PBXBuildFile; fileRef = 14BB48CB2400B51A00051FD4 /* Assets.xcassets */; };
		14BB48CF2400B51A00051FD4 /* Preview Assets.xcassets in Resources */ = {isa = PBXBuildFile; fileRef = 14BB48CE2400B51A00051FD4 /* Preview Assets.xcassets */; };
		14BB48D22400B51A00051FD4 /* LaunchScreen.storyboard in Resources */ = {isa = PBXBuildFile; fileRef = 14BB48D02400B51A00051FD4 /* LaunchScreen.storyboard */; };
		14BB48DD2400B51A00051FD4 /* GitHubUsersTests.swift in Sources */ = {isa = PBXBuildFile; fileRef = 14BB48DC2400B51A00051FD4 /* GitHubUsersTests.swift */; };
		14BB48E82400B51A00051FD4 /* GitHubUsersUITests.swift in Sources */ = {isa = PBXBuildFile; fileRef = 14BB48E72400B51A00051FD4 /* GitHubUsersUITests.swift */; };
		14BB48FA2400B68B00051FD4 /* User.swift in Sources */ = {isa = PBXBuildFile; fileRef = 14BB48F92400B68B00051FD4 /* User.swift */; };
		14D3FEA52401220D00AAA364 /* UserCellViewModel.swift in Sources */ = {isa = PBXBuildFile; fileRef = 14D3FEA42401220D00AAA364 /* UserCellViewModel.swift */; };
/* End PBXBuildFile section */

/* Begin PBXContainerItemProxy section */
		14BB48D92400B51A00051FD4 /* PBXContainerItemProxy */ = {
			isa = PBXContainerItemProxy;
			containerPortal = 14BB48BA2400B51800051FD4 /* Project object */;
			proxyType = 1;
			remoteGlobalIDString = 14BB48C12400B51800051FD4;
			remoteInfo = GitHubUsers;
		};
		14BB48E42400B51A00051FD4 /* PBXContainerItemProxy */ = {
			isa = PBXContainerItemProxy;
			containerPortal = 14BB48BA2400B51800051FD4 /* Project object */;
			proxyType = 1;
			remoteGlobalIDString = 14BB48C12400B51800051FD4;
			remoteInfo = GitHubUsers;
		};
/* End PBXContainerItemProxy section */

/* Begin PBXFileReference section */
		1466187A2402198200AA677C /* UserCellView.swift */ = {isa = PBXFileReference; lastKnownFileType = sourcecode.swift; path = UserCellView.swift; sourceTree = "<group>"; };
		146619062402CE0D00AA677C /* UserListView.swift */ = {isa = PBXFileReference; lastKnownFileType = sourcecode.swift; path = UserListView.swift; sourceTree = "<group>"; };
		1466190A2402D87300AA677C /* RemoteImage.swift */ = {isa = PBXFileReference; lastKnownFileType = sourcecode.swift; path = RemoteImage.swift; sourceTree = "<group>"; };
		14BB48C22400B51800051FD4 /* GitHubUsers.app */ = {isa = PBXFileReference; explicitFileType = wrapper.application; includeInIndex = 0; path = GitHubUsers.app; sourceTree = BUILT_PRODUCTS_DIR; };
		14BB48C52400B51800051FD4 /* AppDelegate.swift */ = {isa = PBXFileReference; lastKnownFileType = sourcecode.swift; path = AppDelegate.swift; sourceTree = "<group>"; };
		14BB48C72400B51800051FD4 /* SceneDelegate.swift */ = {isa = PBXFileReference; lastKnownFileType = sourcecode.swift; path = SceneDelegate.swift; sourceTree = "<group>"; };
		14BB48C92400B51800051FD4 /* ContentView.swift */ = {isa = PBXFileReference; lastKnownFileType = sourcecode.swift; path = ContentView.swift; sourceTree = "<group>"; };
		14BB48CB2400B51A00051FD4 /* Assets.xcassets */ = {isa = PBXFileReference; lastKnownFileType = folder.assetcatalog; path = Assets.xcassets; sourceTree = "<group>"; };
		14BB48CE2400B51A00051FD4 /* Preview Assets.xcassets */ = {isa = PBXFileReference; lastKnownFileType = folder.assetcatalog; path = "Preview Assets.xcassets"; sourceTree = "<group>"; };
		14BB48D12400B51A00051FD4 /* Base */ = {isa = PBXFileReference; lastKnownFileType = file.storyboard; name = Base; path = Base.lproj/LaunchScreen.storyboard; sourceTree = "<group>"; };
		14BB48D32400B51A00051FD4 /* Info.plist */ = {isa = PBXFileReference; lastKnownFileType = text.plist.xml; path = Info.plist; sourceTree = "<group>"; };
		14BB48D82400B51A00051FD4 /* GitHubUsersTests.xctest */ = {isa = PBXFileReference; explicitFileType = wrapper.cfbundle; includeInIndex = 0; path = GitHubUsersTests.xctest; sourceTree = BUILT_PRODUCTS_DIR; };
		14BB48DC2400B51A00051FD4 /* GitHubUsersTests.swift */ = {isa = PBXFileReference; lastKnownFileType = sourcecode.swift; path = GitHubUsersTests.swift; sourceTree = "<group>"; };
		14BB48DE2400B51A00051FD4 /* Info.plist */ = {isa = PBXFileReference; lastKnownFileType = text.plist.xml; path = Info.plist; sourceTree = "<group>"; };
		14BB48E32400B51A00051FD4 /* GitHubUsersUITests.xctest */ = {isa = PBXFileReference; explicitFileType = wrapper.cfbundle; includeInIndex = 0; path = GitHubUsersUITests.xctest; sourceTree = BUILT_PRODUCTS_DIR; };
		14BB48E72400B51A00051FD4 /* GitHubUsersUITests.swift */ = {isa = PBXFileReference; lastKnownFileType = sourcecode.swift; path = GitHubUsersUITests.swift; sourceTree = "<group>"; };
		14BB48E92400B51A00051FD4 /* Info.plist */ = {isa = PBXFileReference; lastKnownFileType = text.plist.xml; path = Info.plist; sourceTree = "<group>"; };
		14BB48F92400B68B00051FD4 /* User.swift */ = {isa = PBXFileReference; lastKnownFileType = sourcecode.swift; path = User.swift; sourceTree = "<group>"; };
		14D3FEA42401220D00AAA364 /* UserCellViewModel.swift */ = {isa = PBXFileReference; lastKnownFileType = sourcecode.swift; path = UserCellViewModel.swift; sourceTree = "<group>"; };
/* End PBXFileReference section */

/* Begin PBXFrameworksBuildPhase section */
		14BB48BF2400B51800051FD4 /* Frameworks */ = {
			isa = PBXFrameworksBuildPhase;
			buildActionMask = 2147483647;
			files = (
			);
			runOnlyForDeploymentPostprocessing = 0;
		};
		14BB48D52400B51A00051FD4 /* Frameworks */ = {
			isa = PBXFrameworksBuildPhase;
			buildActionMask = 2147483647;
			files = (
			);
			runOnlyForDeploymentPostprocessing = 0;
		};
		14BB48E02400B51A00051FD4 /* Frameworks */ = {
			isa = PBXFrameworksBuildPhase;
			buildActionMask = 2147483647;
			files = (
			);
			runOnlyForDeploymentPostprocessing = 0;
		};
/* End PBXFrameworksBuildPhase section */

/* Begin PBXGroup section */
		14BB48B92400B51800051FD4 = {
			isa = PBXGroup;
			children = (
				14BB48C42400B51800051FD4 /* GitHubUsers */,
				14BB48DB2400B51A00051FD4 /* GitHubUsersTests */,
				14BB48E62400B51A00051FD4 /* GitHubUsersUITests */,
				14BB48C32400B51800051FD4 /* Products */,
			);
			sourceTree = "<group>";
		};
		14BB48C32400B51800051FD4 /* Products */ = {
			isa = PBXGroup;
			children = (
				14BB48C22400B51800051FD4 /* GitHubUsers.app */,
				14BB48D82400B51A00051FD4 /* GitHubUsersTests.xctest */,
				14BB48E32400B51A00051FD4 /* GitHubUsersUITests.xctest */,
			);
			name = Products;
			sourceTree = "<group>";
		};
		14BB48C42400B51800051FD4 /* GitHubUsers */ = {
			isa = PBXGroup;
			children = (
				14BB48CB2400B51A00051FD4 /* Assets.xcassets */,
				14BB48D32400B51A00051FD4 /* Info.plist */,
				14BB48F82400B58900051FD4 /* Views */,
				14BB48F72400B58200051FD4 /* Controllers */,
				14BB48F62400B57C00051FD4 /* ViewModels */,
				14BB48F52400B57200051FD4 /* Models */,
				14BB48CD2400B51A00051FD4 /* Preview Content */,
			);
			path = GitHubUsers;
			sourceTree = "<group>";
		};
		14BB48CD2400B51A00051FD4 /* Preview Content */ = {
			isa = PBXGroup;
			children = (
				14BB48CE2400B51A00051FD4 /* Preview Assets.xcassets */,
			);
			path = "Preview Content";
			sourceTree = "<group>";
		};
		14BB48DB2400B51A00051FD4 /* GitHubUsersTests */ = {
			isa = PBXGroup;
			children = (
				14BB48DC2400B51A00051FD4 /* GitHubUsersTests.swift */,
				14BB48DE2400B51A00051FD4 /* Info.plist */,
			);
			path = GitHubUsersTests;
			sourceTree = "<group>";
		};
		14BB48E62400B51A00051FD4 /* GitHubUsersUITests */ = {
			isa = PBXGroup;
			children = (
				14BB48E72400B51A00051FD4 /* GitHubUsersUITests.swift */,
				14BB48E92400B51A00051FD4 /* Info.plist */,
			);
			path = GitHubUsersUITests;
			sourceTree = "<group>";
		};
		14BB48F52400B57200051FD4 /* Models */ = {
			isa = PBXGroup;
			children = (
				14BB48F92400B68B00051FD4 /* User.swift */,
			);
			path = Models;
			sourceTree = "<group>";
		};
		14BB48F62400B57C00051FD4 /* ViewModels */ = {
			isa = PBXGroup;
			children = (
				14D3FEA42401220D00AAA364 /* UserCellViewModel.swift */,
				1466190A2402D87300AA677C /* RemoteImage.swift */,
			);
			path = ViewModels;
			sourceTree = "<group>";
		};
		14BB48F72400B58200051FD4 /* Controllers */ = {
			isa = PBXGroup;
			children = (
				14BB48C52400B51800051FD4 /* AppDelegate.swift */,
				14BB48C72400B51800051FD4 /* SceneDelegate.swift */,
			);
			path = Controllers;
			sourceTree = "<group>";
		};
		14BB48F82400B58900051FD4 /* Views */ = {
			isa = PBXGroup;
			children = (
				14BB48D02400B51A00051FD4 /* LaunchScreen.storyboard */,
				14BB48C92400B51800051FD4 /* ContentView.swift */,
				1466187A2402198200AA677C /* UserCellView.swift */,
				146619062402CE0D00AA677C /* UserListView.swift */,
			);
			path = Views;
			sourceTree = "<group>";
		};
/* End PBXGroup section */

/* Begin PBXNativeTarget section */
		14BB48C12400B51800051FD4 /* GitHubUsers */ = {
			isa = PBXNativeTarget;
			buildConfigurationList = 14BB48EC2400B51A00051FD4 /* Build configuration list for PBXNativeTarget "GitHubUsers" */;
			buildPhases = (
				14BB48BE2400B51800051FD4 /* Sources */,
				14BB48BF2400B51800051FD4 /* Frameworks */,
				14BB48C02400B51800051FD4 /* Resources */,
			);
			buildRules = (
			);
			dependencies = (
			);
			name = GitHubUsers;
			productName = GitHubUsers;
			productReference = 14BB48C22400B51800051FD4 /* GitHubUsers.app */;
			productType = "com.apple.product-type.application";
		};
		14BB48D72400B51A00051FD4 /* GitHubUsersTests */ = {
			isa = PBXNativeTarget;
			buildConfigurationList = 14BB48EF2400B51A00051FD4 /* Build configuration list for PBXNativeTarget "GitHubUsersTests" */;
			buildPhases = (
				14BB48D42400B51A00051FD4 /* Sources */,
				14BB48D52400B51A00051FD4 /* Frameworks */,
				14BB48D62400B51A00051FD4 /* Resources */,
			);
			buildRules = (
			);
			dependencies = (
				14BB48DA2400B51A00051FD4 /* PBXTargetDependency */,
			);
			name = GitHubUsersTests;
			productName = GitHubUsersTests;
			productReference = 14BB48D82400B51A00051FD4 /* GitHubUsersTests.xctest */;
			productType = "com.apple.product-type.bundle.unit-test";
		};
		14BB48E22400B51A00051FD4 /* GitHubUsersUITests */ = {
			isa = PBXNativeTarget;
			buildConfigurationList = 14BB48F22400B51A00051FD4 /* Build configuration list for PBXNativeTarget "GitHubUsersUITests" */;
			buildPhases = (
				14BB48DF2400B51A00051FD4 /* Sources */,
				14BB48E02400B51A00051FD4 /* Frameworks */,
				14BB48E12400B51A00051FD4 /* Resources */,
			);
			buildRules = (
			);
			dependencies = (
				14BB48E52400B51A00051FD4 /* PBXTargetDependency */,
			);
			name = GitHubUsersUITests;
			productName = GitHubUsersUITests;
			productReference = 14BB48E32400B51A00051FD4 /* GitHubUsersUITests.xctest */;
			productType = "com.apple.product-type.bundle.ui-testing";
		};
/* End PBXNativeTarget section */

/* Begin PBXProject section */
		14BB48BA2400B51800051FD4 /* Project object */ = {
			isa = PBXProject;
			attributes = {
				LastSwiftUpdateCheck = 1130;
				LastUpgradeCheck = 1130;
				ORGANIZATIONNAME = "Sean Chen";
				TargetAttributes = {
					14BB48C12400B51800051FD4 = {
						CreatedOnToolsVersion = 11.3.1;
					};
					14BB48D72400B51A00051FD4 = {
						CreatedOnToolsVersion = 11.3.1;
						TestTargetID = 14BB48C12400B51800051FD4;
					};
					14BB48E22400B51A00051FD4 = {
						CreatedOnToolsVersion = 11.3.1;
						TestTargetID = 14BB48C12400B51800051FD4;
					};
				};
			};
			buildConfigurationList = 14BB48BD2400B51800051FD4 /* Build configuration list for PBXProject "GitHubUsers" */;
			compatibilityVersion = "Xcode 9.3";
			developmentRegion = en;
			hasScannedForEncodings = 0;
			knownRegions = (
				en,
				Base,
			);
			mainGroup = 14BB48B92400B51800051FD4;
			productRefGroup = 14BB48C32400B51800051FD4 /* Products */;
			projectDirPath = "";
			projectRoot = "";
			targets = (
				14BB48C12400B51800051FD4 /* GitHubUsers */,
				14BB48D72400B51A00051FD4 /* GitHubUsersTests */,
				14BB48E22400B51A00051FD4 /* GitHubUsersUITests */,
			);
		};
/* End PBXProject section */

/* Begin PBXResourcesBuildPhase section */
		14BB48C02400B51800051FD4 /* Resources */ = {
			isa = PBXResourcesBuildPhase;
			buildActionMask = 2147483647;
			files = (
				14BB48D22400B51A00051FD4 /* LaunchScreen.storyboard in Resources */,
				14BB48CF2400B51A00051FD4 /* Preview Assets.xcassets in Resources */,
				14BB48CC2400B51A00051FD4 /* Assets.xcassets in Resources */,
			);
			runOnlyForDeploymentPostprocessing = 0;
		};
		14BB48D62400B51A00051FD4 /* Resources */ = {
			isa = PBXResourcesBuildPhase;
			buildActionMask = 2147483647;
			files = (
			);
			runOnlyForDeploymentPostprocessing = 0;
		};
		14BB48E12400B51A00051FD4 /* Resources */ = {
			isa = PBXResourcesBuildPhase;
			buildActionMask = 2147483647;
			files = (
			);
			runOnlyForDeploymentPostprocessing = 0;
		};
/* End PBXResourcesBuildPhase section */

/* Begin PBXSourcesBuildPhase section */
		14BB48BE2400B51800051FD4 /* Sources */ = {
			isa = PBXSourcesBuildPhase;
			buildActionMask = 2147483647;
			files = (
				14D3FEA52401220D00AAA364 /* UserCellViewModel.swift in Sources */,
				14BB48FA2400B68B00051FD4 /* User.swift in Sources */,
				14BB48C62400B51800051FD4 /* AppDelegate.swift in Sources */,
				1466190B2402D87300AA677C /* RemoteImage.swift in Sources */,
				146619072402CE0D00AA677C /* UserListView.swift in Sources */,
				14BB48C82400B51800051FD4 /* SceneDelegate.swift in Sources */,
				14BB48CA2400B51800051FD4 /* ContentView.swift in Sources */,
				1466187B2402198200AA677C /* UserCellView.swift in Sources */,
			);
			runOnlyForDeploymentPostprocessing = 0;
		};
		14BB48D42400B51A00051FD4 /* Sources */ = {
			isa = PBXSourcesBuildPhase;
			buildActionMask = 2147483647;
			files = (
				14BB48DD2400B51A00051FD4 /* GitHubUsersTests.swift in Sources */,
			);
			runOnlyForDeploymentPostprocessing = 0;
		};
		14BB48DF2400B51A00051FD4 /* Sources */ = {
			isa = PBXSourcesBuildPhase;
			buildActionMask = 2147483647;
			files = (
				14BB48E82400B51A00051FD4 /* GitHubUsersUITests.swift in Sources */,
			);
			runOnlyForDeploymentPostprocessing = 0;
		};
/* End PBXSourcesBuildPhase section */

/* Begin PBXTargetDependency section */
		14BB48DA2400B51A00051FD4 /* PBXTargetDependency */ = {
			isa = PBXTargetDependency;
			target = 14BB48C12400B51800051FD4 /* GitHubUsers */;
			targetProxy = 14BB48D92400B51A00051FD4 /* PBXContainerItemProxy */;
		};
		14BB48E52400B51A00051FD4 /* PBXTargetDependency */ = {
			isa = PBXTargetDependency;
			target = 14BB48C12400B51800051FD4 /* GitHubUsers */;
			targetProxy = 14BB48E42400B51A00051FD4 /* PBXContainerItemProxy */;
		};
/* End PBXTargetDependency section */

/* Begin PBXVariantGroup section */
		14BB48D02400B51A00051FD4 /* LaunchScreen.storyboard */ = {
			isa = PBXVariantGroup;
			children = (
				14BB48D12400B51A00051FD4 /* Base */,
			);
			name = LaunchScreen.storyboard;
			sourceTree = "<group>";
		};
/* End PBXVariantGroup section */

/* Begin XCBuildConfiguration section */
		14BB48EA2400B51A00051FD4 /* Debug */ = {
			isa = XCBuildConfiguration;
			buildSettings = {
				ALWAYS_SEARCH_USER_PATHS = NO;
				CLANG_ANALYZER_NONNULL = YES;
				CLANG_ANALYZER_NUMBER_OBJECT_CONVERSION = YES_AGGRESSIVE;
				CLANG_CXX_LANGUAGE_STANDARD = "gnu++14";
				CLANG_CXX_LIBRARY = "libc++";
				CLANG_ENABLE_MODULES = YES;
				CLANG_ENABLE_OBJC_ARC = YES;
				CLANG_ENABLE_OBJC_WEAK = YES;
				CLANG_WARN_BLOCK_CAPTURE_AUTORELEASING = YES;
				CLANG_WARN_BOOL_CONVERSION = YES;
				CLANG_WARN_COMMA = YES;
				CLANG_WARN_CONSTANT_CONVERSION = YES;
				CLANG_WARN_DEPRECATED_OBJC_IMPLEMENTATIONS = YES;
				CLANG_WARN_DIRECT_OBJC_ISA_USAGE = YES_ERROR;
				CLANG_WARN_DOCUMENTATION_COMMENTS = YES;
				CLANG_WARN_EMPTY_BODY = YES;
				CLANG_WARN_ENUM_CONVERSION = YES;
				CLANG_WARN_INFINITE_RECURSION = YES;
				CLANG_WARN_INT_CONVERSION = YES;
				CLANG_WARN_NON_LITERAL_NULL_CONVERSION = YES;
				CLANG_WARN_OBJC_IMPLICIT_RETAIN_SELF = YES;
				CLANG_WARN_OBJC_LITERAL_CONVERSION = YES;
				CLANG_WARN_OBJC_ROOT_CLASS = YES_ERROR;
				CLANG_WARN_RANGE_LOOP_ANALYSIS = YES;
				CLANG_WARN_STRICT_PROTOTYPES = YES;
				CLANG_WARN_SUSPICIOUS_MOVE = YES;
				CLANG_WARN_UNGUARDED_AVAILABILITY = YES_AGGRESSIVE;
				CLANG_WARN_UNREACHABLE_CODE = YES;
				CLANG_WARN__DUPLICATE_METHOD_MATCH = YES;
				COPY_PHASE_STRIP = NO;
				DEBUG_INFORMATION_FORMAT = dwarf;
				ENABLE_STRICT_OBJC_MSGSEND = YES;
				ENABLE_TESTABILITY = YES;
				GCC_C_LANGUAGE_STANDARD = gnu11;
				GCC_DYNAMIC_NO_PIC = NO;
				GCC_NO_COMMON_BLOCKS = YES;
				GCC_OPTIMIZATION_LEVEL = 0;
				GCC_PREPROCESSOR_DEFINITIONS = (
					"DEBUG=1",
					"$(inherited)",
				);
				GCC_WARN_64_TO_32_BIT_CONVERSION = YES;
				GCC_WARN_ABOUT_RETURN_TYPE = YES_ERROR;
				GCC_WARN_UNDECLARED_SELECTOR = YES;
				GCC_WARN_UNINITIALIZED_AUTOS = YES_AGGRESSIVE;
				GCC_WARN_UNUSED_FUNCTION = YES;
				GCC_WARN_UNUSED_VARIABLE = YES;
				IPHONEOS_DEPLOYMENT_TARGET = 13.2;
				MTL_ENABLE_DEBUG_INFO = INCLUDE_SOURCE;
				MTL_FAST_MATH = YES;
				ONLY_ACTIVE_ARCH = YES;
				SDKROOT = iphoneos;
				SWIFT_ACTIVE_COMPILATION_CONDITIONS = DEBUG;
				SWIFT_OPTIMIZATION_LEVEL = "-Onone";
			};
			name = Debug;
		};
		14BB48EB2400B51A00051FD4 /* Release */ = {
			isa = XCBuildConfiguration;
			buildSettings = {
				ALWAYS_SEARCH_USER_PATHS = NO;
				CLANG_ANALYZER_NONNULL = YES;
				CLANG_ANALYZER_NUMBER_OBJECT_CONVERSION = YES_AGGRESSIVE;
				CLANG_CXX_LANGUAGE_STANDARD = "gnu++14";
				CLANG_CXX_LIBRARY = "libc++";
				CLANG_ENABLE_MODULES = YES;
				CLANG_ENABLE_OBJC_ARC = YES;
				CLANG_ENABLE_OBJC_WEAK = YES;
				CLANG_WARN_BLOCK_CAPTURE_AUTORELEASING = YES;
				CLANG_WARN_BOOL_CONVERSION = YES;
				CLANG_WARN_COMMA = YES;
				CLANG_WARN_CONSTANT_CONVERSION = YES;
				CLANG_WARN_DEPRECATED_OBJC_IMPLEMENTATIONS = YES;
				CLANG_WARN_DIRECT_OBJC_ISA_USAGE = YES_ERROR;
				CLANG_WARN_DOCUMENTATION_COMMENTS = YES;
				CLANG_WARN_EMPTY_BODY = YES;
				CLANG_WARN_ENUM_CONVERSION = YES;
				CLANG_WARN_INFINITE_RECURSION = YES;
				CLANG_WARN_INT_CONVERSION = YES;
				CLANG_WARN_NON_LITERAL_NULL_CONVERSION = YES;
				CLANG_WARN_OBJC_IMPLICIT_RETAIN_SELF = YES;
				CLANG_WARN_OBJC_LITERAL_CONVERSION = YES;
				CLANG_WARN_OBJC_ROOT_CLASS = YES_ERROR;
				CLANG_WARN_RANGE_LOOP_ANALYSIS = YES;
				CLANG_WARN_STRICT_PROTOTYPES = YES;
				CLANG_WARN_SUSPICIOUS_MOVE = YES;
				CLANG_WARN_UNGUARDED_AVAILABILITY = YES_AGGRESSIVE;
				CLANG_WARN_UNREACHABLE_CODE = YES;
				CLANG_WARN__DUPLICATE_METHOD_MATCH = YES;
				COPY_PHASE_STRIP = NO;
				DEBUG_INFORMATION_FORMAT = "dwarf-with-dsym";
				ENABLE_NS_ASSERTIONS = NO;
				ENABLE_STRICT_OBJC_MSGSEND = YES;
				GCC_C_LANGUAGE_STANDARD = gnu11;
				GCC_NO_COMMON_BLOCKS = YES;
				GCC_WARN_64_TO_32_BIT_CONVERSION = YES;
				GCC_WARN_ABOUT_RETURN_TYPE = YES_ERROR;
				GCC_WARN_UNDECLARED_SELECTOR = YES;
				GCC_WARN_UNINITIALIZED_AUTOS = YES_AGGRESSIVE;
				GCC_WARN_UNUSED_FUNCTION = YES;
				GCC_WARN_UNUSED_VARIABLE = YES;
				IPHONEOS_DEPLOYMENT_TARGET = 13.2;
				MTL_ENABLE_DEBUG_INFO = NO;
				MTL_FAST_MATH = YES;
				SDKROOT = iphoneos;
				SWIFT_COMPILATION_MODE = wholemodule;
				SWIFT_OPTIMIZATION_LEVEL = "-O";
				VALIDATE_PRODUCT = YES;
			};
			name = Release;
		};
		14BB48ED2400B51A00051FD4 /* Debug */ = {
			isa = XCBuildConfiguration;
			buildSettings = {
				ASSETCATALOG_COMPILER_APPICON_NAME = AppIcon;
				CODE_SIGN_STYLE = Automatic;
				DEVELOPMENT_ASSET_PATHS = "\"GitHubUsers/Preview Content\"";
				ENABLE_PREVIEWS = YES;
				INFOPLIST_FILE = GitHubUsers/Info.plist;
				LD_RUNPATH_SEARCH_PATHS = (
					"$(inherited)",
					"@executable_path/Frameworks",
				);
				PRODUCT_BUNDLE_IDENTIFIER = com.chen.sean.GitHubUsers;
				PRODUCT_NAME = "$(TARGET_NAME)";
				SWIFT_VERSION = 5.0;
				TARGETED_DEVICE_FAMILY = "1,2";
			};
			name = Debug;
		};
		14BB48EE2400B51A00051FD4 /* Release */ = {
			isa = XCBuildConfiguration;
			buildSettings = {
				ASSETCATALOG_COMPILER_APPICON_NAME = AppIcon;
				CODE_SIGN_STYLE = Automatic;
				DEVELOPMENT_ASSET_PATHS = "\"GitHubUsers/Preview Content\"";
				ENABLE_PREVIEWS = YES;
				INFOPLIST_FILE = GitHubUsers/Info.plist;
				LD_RUNPATH_SEARCH_PATHS = (
					"$(inherited)",
					"@executable_path/Frameworks",
				);
				PRODUCT_BUNDLE_IDENTIFIER = com.chen.sean.GitHubUsers;
				PRODUCT_NAME = "$(TARGET_NAME)";
				SWIFT_VERSION = 5.0;
				TARGETED_DEVICE_FAMILY = "1,2";
			};
			name = Release;
		};
		14BB48F02400B51A00051FD4 /* Debug */ = {
			isa = XCBuildConfiguration;
			buildSettings = {
				ALWAYS_EMBED_SWIFT_STANDARD_LIBRARIES = YES;
				BUNDLE_LOADER = "$(TEST_HOST)";
				CODE_SIGN_STYLE = Automatic;
				INFOPLIST_FILE = GitHubUsersTests/Info.plist;
				IPHONEOS_DEPLOYMENT_TARGET = 13.2;
				LD_RUNPATH_SEARCH_PATHS = (
					"$(inherited)",
					"@executable_path/Frameworks",
					"@loader_path/Frameworks",
				);
				PRODUCT_BUNDLE_IDENTIFIER = com.chen.sean.GitHubUsersTests;
				PRODUCT_NAME = "$(TARGET_NAME)";
				SWIFT_VERSION = 5.0;
				TARGETED_DEVICE_FAMILY = "1,2";
				TEST_HOST = "$(BUILT_PRODUCTS_DIR)/GitHubUsers.app/GitHubUsers";
			};
			name = Debug;
		};
		14BB48F12400B51A00051FD4 /* Release */ = {
			isa = XCBuildConfiguration;
			buildSettings = {
				ALWAYS_EMBED_SWIFT_STANDARD_LIBRARIES = YES;
				BUNDLE_LOADER = "$(TEST_HOST)";
				CODE_SIGN_STYLE = Automatic;
				INFOPLIST_FILE = GitHubUsersTests/Info.plist;
				IPHONEOS_DEPLOYMENT_TARGET = 13.2;
				LD_RUNPATH_SEARCH_PATHS = (
					"$(inherited)",
					"@executable_path/Frameworks",
					"@loader_path/Frameworks",
				);
				PRODUCT_BUNDLE_IDENTIFIER = com.chen.sean.GitHubUsersTests;
				PRODUCT_NAME = "$(TARGET_NAME)";
				SWIFT_VERSION = 5.0;
				TARGETED_DEVICE_FAMILY = "1,2";
				TEST_HOST = "$(BUILT_PRODUCTS_DIR)/GitHubUsers.app/GitHubUsers";
			};
			name = Release;
		};
		14BB48F32400B51A00051FD4 /* Debug */ = {
			isa = XCBuildConfiguration;
			buildSettings = {
				ALWAYS_EMBED_SWIFT_STANDARD_LIBRARIES = YES;
				CODE_SIGN_STYLE = Automatic;
				INFOPLIST_FILE = GitHubUsersUITests/Info.plist;
				LD_RUNPATH_SEARCH_PATHS = (
					"$(inherited)",
					"@executable_path/Frameworks",
					"@loader_path/Frameworks",
				);
				PRODUCT_BUNDLE_IDENTIFIER = com.chen.sean.GitHubUsersUITests;
				PRODUCT_NAME = "$(TARGET_NAME)";
				SWIFT_VERSION = 5.0;
				TARGETED_DEVICE_FAMILY = "1,2";
				TEST_TARGET_NAME = GitHubUsers;
			};
			name = Debug;
		};
		14BB48F42400B51A00051FD4 /* Release */ = {
			isa = XCBuildConfiguration;
			buildSettings = {
				ALWAYS_EMBED_SWIFT_STANDARD_LIBRARIES = YES;
				CODE_SIGN_STYLE = Automatic;
				INFOPLIST_FILE = GitHubUsersUITests/Info.plist;
				LD_RUNPATH_SEARCH_PATHS = (
					"$(inherited)",
					"@executable_path/Frameworks",
					"@loader_path/Frameworks",
				);
				PRODUCT_BUNDLE_IDENTIFIER = com.chen.sean.GitHubUsersUITests;
				PRODUCT_NAME = "$(TARGET_NAME)";
				SWIFT_VERSION = 5.0;
				TARGETED_DEVICE_FAMILY = "1,2";
				TEST_TARGET_NAME = GitHubUsers;
			};
			name = Release;
		};
/* End XCBuildConfiguration section */

/* Begin XCConfigurationList section */
		14BB48BD2400B51800051FD4 /* Build configuration list for PBXProject "GitHubUsers" */ = {
			isa = XCConfigurationList;
			buildConfigurations = (
				14BB48EA2400B51A00051FD4 /* Debug */,
				14BB48EB2400B51A00051FD4 /* Release */,
			);
			defaultConfigurationIsVisible = 0;
			defaultConfigurationName = Release;
		};
		14BB48EC2400B51A00051FD4 /* Build configuration list for PBXNativeTarget "GitHubUsers" */ = {
			isa = XCConfigurationList;
			buildConfigurations = (
				14BB48ED2400B51A00051FD4 /* Debug */,
				14BB48EE2400B51A00051FD4 /* Release */,
			);
			defaultConfigurationIsVisible = 0;
			defaultConfigurationName = Release;
		};
		14BB48EF2400B51A00051FD4 /* Build configuration list for PBXNativeTarget "GitHubUsersTests" */ = {
			isa = XCConfigurationList;
			buildConfigurations = (
				14BB48F02400B51A00051FD4 /* Debug */,
				14BB48F12400B51A00051FD4 /* Release */,
			);
			defaultConfigurationIsVisible = 0;
			defaultConfigurationName = Release;
		};
		14BB48F22400B51A00051FD4 /* Build configuration list for PBXNativeTarget "GitHubUsersUITests" */ = {
			isa = XCConfigurationList;
			buildConfigurations = (
				14BB48F32400B51A00051FD4 /* Debug */,
				14BB48F42400B51A00051FD4 /* Release */,
			);
			defaultConfigurationIsVisible = 0;
			defaultConfigurationName = Release;
		};
/* End XCConfigurationList section */
	};
	rootObject = 14BB48BA2400B51800051FD4 /* Project object */;
}
